# This file is autogenerated, do not edit; changes may be undone by the next 'dep ensure'.


[[projects]]
  name = "github.com/aws/aws-lambda-go"
  packages = ["lambdacontext"]
  revision = "f7dba3f79cca0ce775c07c38db419e0da8d7ca64"
  version = "v1.12.1"

[[projects]]
  name = "github.com/rcrowley/go-metrics"
  packages = ["."]
  revision = "9beb055b7962d16947a14e1cd718098a2431e20e"

[[projects]]
  name = "github.com/wavefronthq/go-metrics-wavefront"
  packages = ["."]
  revision = "539b1839cdaf551511c78455ea0ea19fed1f81af"
  version = "v0.9.0"

[solve-meta]
  analyzer-name = "dep"
  analyzer-version = 1
  inputs-digest = "ab80171006fc92eeb78d0088a5adc2c2cea868879f6cf6cab7806cc34fa40734"
  solver-name = "gps-cdcl"
  solver-version = 1
